{
  "name": "file-organizer-module",
  "version": "1.0.0",
  "lockfileVersion": 3,
  "requires": true,
  "packages": {
    "": {
      "name": "file-organizer-module",
      "version": "1.0.0",
      "license": "ISC",
      "dependencies": {
        "file-organizer-module": "^1.0.0"
      }
    },
    "node_modules/file-organizer-module": {
      "version": "1.0.0",
      "resolved": "https://registry.npmjs.org/file-organizer-module/-/file-organizer-module-1.0.0.tgz",
      "integrity": "sha512-wqwKsk2ayhjmvMZIbK5EpkyoPzzCiJ9QsDy3ZiSoBrlRBuZ4MeFlVncRcWHul3xJISk7OmhITBj68EDbSPx6Vw==",
      "license": "ISC"
    }
  }
}
